
Microsoft Visual Studio Solution File, Format Version 12.00
# Visual Studio Version 17
VisualStudioVersion = 17.0.32126.317
MinimumVisualStudioVersion = 10.0.40219.1
Project("{9A19103F-16F7-4668-BE54-9A1E7A4F7556}") = "Lesson", "Lesson\Lesson.csproj", "{3E5EF7EA-5C23-40CE-A902-309C9AE314EB}"
EndProject
Global
	GlobalSection(SolutionConfigurationPlatforms) = preSolution
		Debug|Any CPU = Debug|Any CPU
		Release|Any CPU = Release|Any CPU
	EndGlobalSection
	GlobalSection(ProjectConfigurationPlatforms) = postSolution
		{3E5EF7EA-5C23-40CE-A902-309C9AE314EB}.Debug|Any CPU.ActiveCfg = Debug|Any CPU
		{3E5EF7EA-5C23-40CE-A902-309C9AE314EB}.Debug|Any CPU.Build.0 = Debug|Any CPU
		{3E5EF7EA-5C23-40CE-A902-309C9AE314EB}.Release|Any CPU.ActiveCfg = Release|Any CPU
		{3E5EF7EA-5C23-40CE-A902-309C9AE314EB}.Release|Any CPU.Build.0 = Release|Any CPU
	EndGlobalSection
	GlobalSection(SolutionProperties) = preSolution
		HideSolutionNode = FALSE
	EndGlobalSection
	GlobalSection(ExtensibilityGlobals) = postSolution
		SolutionGuid = {4CD8C08B-30BE-4EBE-8CAB-498B5D28E5BD}
	EndGlobalSection
EndGlobal
